// !$*UTF8*$!
{
	archiveVersion = 1;
	classes = {
	};
	objectVersion = 55;
	objects = {

/* Begin PBXBuildFile section */
		6BD6F4C62890224900F2E325 /* Payback_assignmentApp.swift in Sources */ = {isa = PBXBuildFile; fileRef = 6BD6F4C52890224900F2E325 /* Payback_assignmentApp.swift */; };
		6BD6F4C82890224900F2E325 /* ContentView.swift in Sources */ = {isa = PBXBuildFile; fileRef = 6BD6F4C72890224900F2E325 /* ContentView.swift */; };
		6BD6F4CA2890224900F2E325 /* Assets.xcassets in Resources */ = {isa = PBXBuildFile; fileRef = 6BD6F4C92890224900F2E325 /* Assets.xcassets */; };
		6BD6F4CD2890224900F2E325 /* Preview Assets.xcassets in Resources */ = {isa = PBXBuildFile; fileRef = 6BD6F4CC2890224900F2E325 /* Preview Assets.xcassets */; };
		6BD6F4CF2890224900F2E325 /* Persistence.swift in Sources */ = {isa = PBXBuildFile; fileRef = 6BD6F4CE2890224900F2E325 /* Persistence.swift */; };
		6BD6F4D22890224900F2E325 /* Payback_assignment.xcdatamodeld in Sources */ = {isa = PBXBuildFile; fileRef = 6BD6F4D02890224900F2E325 /* Payback_assignment.xcdatamodeld */; };
		6BD6F4DC2890224A00F2E325 /* Payback_assignmentTests.swift in Sources */ = {isa = PBXBuildFile; fileRef = 6BD6F4DB2890224A00F2E325 /* Payback_assignmentTests.swift */; };
		6BD6F4E62890224A00F2E325 /* Payback_assignmentUITests.swift in Sources */ = {isa = PBXBuildFile; fileRef = 6BD6F4E52890224A00F2E325 /* Payback_assignmentUITests.swift */; };
		6BD6F4E82890224A00F2E325 /* Payback_assignmentUITestsLaunchTests.swift in Sources */ = {isa = PBXBuildFile; fileRef = 6BD6F4E72890224A00F2E325 /* Payback_assignmentUITestsLaunchTests.swift */; };
/* End PBXBuildFile section */

/* Begin PBXContainerItemProxy section */
		6BD6F4D82890224A00F2E325 /* PBXContainerItemProxy */ = {
			isa = PBXContainerItemProxy;
			containerPortal = 6BD6F4BA2890224900F2E325 /* Project object */;
			proxyType = 1;
			remoteGlobalIDString = 6BD6F4C12890224900F2E325;
			remoteInfo = Payback_assignment;
		};
		6BD6F4E22890224A00F2E325 /* PBXContainerItemProxy */ = {
			isa = PBXContainerItemProxy;
			containerPortal = 6BD6F4BA2890224900F2E325 /* Project object */;
			proxyType = 1;
			remoteGlobalIDString = 6BD6F4C12890224900F2E325;
			remoteInfo = Payback_assignment;
		};
/* End PBXContainerItemProxy section */

/* Begin PBXFileReference section */
		6BD6F4C22890224900F2E325 /* Payback_assignment.app */ = {isa = PBXFileReference; explicitFileType = wrapper.application; includeInIndex = 0; path = Payback_assignment.app; sourceTree = BUILT_PRODUCTS_DIR; };
		6BD6F4C52890224900F2E325 /* Payback_assignmentApp.swift */ = {isa = PBXFileReference; lastKnownFileType = sourcecode.swift; path = Payback_assignmentApp.swift; sourceTree = "<group>"; };
		6BD6F4C72890224900F2E325 /* ContentView.swift */ = {isa = PBXFileReference; lastKnownFileType = sourcecode.swift; path = ContentView.swift; sourceTree = "<group>"; };
		6BD6F4C92890224900F2E325 /* Assets.xcassets */ = {isa = PBXFileReference; lastKnownFileType = folder.assetcatalog; path = Assets.xcassets; sourceTree = "<group>"; };
		6BD6F4CC2890224900F2E325 /* Preview Assets.xcassets */ = {isa = PBXFileReference; lastKnownFileType = folder.assetcatalog; path = "Preview Assets.xcassets"; sourceTree = "<group>"; };
		6BD6F4CE2890224900F2E325 /* Persistence.swift */ = {isa = PBXFileReference; lastKnownFileType = sourcecode.swift; path = Persistence.swift; sourceTree = "<group>"; };
		6BD6F4D12890224900F2E325 /* Payback_assignment.xcdatamodel */ = {isa = PBXFileReference; lastKnownFileType = wrapper.xcdatamodel; path = Payback_assignment.xcdatamodel; sourceTree = "<group>"; };
		6BD6F4D72890224A00F2E325 /* Payback_assignmentTests.xctest */ = {isa = PBXFileReference; explicitFileType = wrapper.cfbundle; includeInIndex = 0; path = Payback_assignmentTests.xctest; sourceTree = BUILT_PRODUCTS_DIR; };
		6BD6F4DB2890224A00F2E325 /* Payback_assignmentTests.swift */ = {isa = PBXFileReference; lastKnownFileType = sourcecode.swift; path = Payback_assignmentTests.swift; sourceTree = "<group>"; };
		6BD6F4E12890224A00F2E325 /* Payback_assignmentUITests.xctest */ = {isa = PBXFileReference; explicitFileType = wrapper.cfbundle; includeInIndex = 0; path = Payback_assignmentUITests.xctest; sourceTree = BUILT_PRODUCTS_DIR; };
		6BD6F4E52890224A00F2E325 /* Payback_assignmentUITests.swift */ = {isa = PBXFileReference; lastKnownFileType = sourcecode.swift; path = Payback_assignmentUITests.swift; sourceTree = "<group>"; };
		6BD6F4E72890224A00F2E325 /* Payback_assignmentUITestsLaunchTests.swift */ = {isa = PBXFileReference; lastKnownFileType = sourcecode.swift; path = Payback_assignmentUITestsLaunchTests.swift; sourceTree = "<group>"; };
/* End PBXFileReference section */

/* Begin PBXFrameworksBuildPhase section */
		6BD6F4BF2890224900F2E325 /* Frameworks */ = {
			isa = PBXFrameworksBuildPhase;
			buildActionMask = 2147483647;
			files = (
			);
			runOnlyForDeploymentPostprocessing = 0;
		};
		6BD6F4D42890224A00F2E325 /* Frameworks */ = {
			isa = PBXFrameworksBuildPhase;
			buildActionMask = 2147483647;
			files = (
			);
			runOnlyForDeploymentPostprocessing = 0;
		};
		6BD6F4DE2890224A00F2E325 /* Frameworks */ = {
			isa = PBXFrameworksBuildPhase;
			buildActionMask = 2147483647;
			files = (
			);
			runOnlyForDeploymentPostprocessing = 0;
		};
/* End PBXFrameworksBuildPhase section */

/* Begin PBXGroup section */
		6BD6F4B92890224900F2E325 = {
			isa = PBXGroup;
			children = (
				6BD6F4C42890224900F2E325 /* Payback_assignment */,
				6BD6F4DA2890224A00F2E325 /* Payback_assignmentTests */,
				6BD6F4E42890224A00F2E325 /* Payback_assignmentUITests */,
				6BD6F4C32890224900F2E325 /* Products */,
			);
			sourceTree = "<group>";
		};
		6BD6F4C32890224900F2E325 /* Products */ = {
			isa = PBXGroup;
			children = (
				6BD6F4C22890224900F2E325 /* Payback_assignment.app */,
				6BD6F4D72890224A00F2E325 /* Payback_assignmentTests.xctest */,
				6BD6F4E12890224A00F2E325 /* Payback_assignmentUITests.xctest */,
			);
			name = Products;
			sourceTree = "<group>";
		};
		6BD6F4C42890224900F2E325 /* Payback_assignment */ = {
			isa = PBXGroup;
			children = (
				6BD6F4C52890224900F2E325 /* Payback_assignmentApp.swift */,
				6BD6F4C72890224900F2E325 /* ContentView.swift */,
				6BD6F4C92890224900F2E325 /* Assets.xcassets */,
				6BD6F4CE2890224900F2E325 /* Persistence.swift */,
				6BD6F4D02890224900F2E325 /* Payback_assignment.xcdatamodeld */,
				6BD6F4CB2890224900F2E325 /* Preview Content */,
			);
			path = Payback_assignment;
			sourceTree = "<group>";
		};
		6BD6F4CB2890224900F2E325 /* Preview Content */ = {
			isa = PBXGroup;
			children = (
				6BD6F4CC2890224900F2E325 /* Preview Assets.xcassets */,
			);
			path = "Preview Content";
			sourceTree = "<group>";
		};
		6BD6F4DA2890224A00F2E325 /* Payback_assignmentTests */ = {
			isa = PBXGroup;
			children = (
				6BD6F4DB2890224A00F2E325 /* Payback_assignmentTests.swift */,
			);
			path = Payback_assignmentTests;
			sourceTree = "<group>";
		};
		6BD6F4E42890224A00F2E325 /* Payback_assignmentUITests */ = {
			isa = PBXGroup;
			children = (
				6BD6F4E52890224A00F2E325 /* Payback_assignmentUITests.swift */,
				6BD6F4E72890224A00F2E325 /* Payback_assignmentUITestsLaunchTests.swift */,
			);
			path = Payback_assignmentUITests;
			sourceTree = "<group>";
		};
/* End PBXGroup section */

/* Begin PBXNativeTarget section */
		6BD6F4C12890224900F2E325 /* Payback_assignment */ = {
			isa = PBXNativeTarget;
			buildConfigurationList = 6BD6F4EB2890224A00F2E325 /* Build configuration list for PBXNativeTarget "Payback_assignment" */;
			buildPhases = (
				6BD6F4BE2890224900F2E325 /* Sources */,
				6BD6F4BF2890224900F2E325 /* Frameworks */,
				6BD6F4C02890224900F2E325 /* Resources */,
			);
			buildRules = (
			);
			dependencies = (
			);
			name = Payback_assignment;
			productName = Payback_assignment;
			productReference = 6BD6F4C22890224900F2E325 /* Payback_assignment.app */;
			productType = "com.apple.product-type.application";
		};
		6BD6F4D62890224A00F2E325 /* Payback_assignmentTests */ = {
			isa = PBXNativeTarget;
			buildConfigurationList = 6BD6F4EE2890224A00F2E325 /* Build configuration list for PBXNativeTarget "Payback_assignmentTests" */;
			buildPhases = (
				6BD6F4D32890224A00F2E325 /* Sources */,
				6BD6F4D42890224A00F2E325 /* Frameworks */,
				6BD6F4D52890224A00F2E325 /* Resources */,
			);
			buildRules = (
			);
			dependencies = (
				6BD6F4D92890224A00F2E325 /* PBXTargetDependency */,
			);
			name = Payback_assignmentTests;
			productName = Payback_assignmentTests;
			productReference = 6BD6F4D72890224A00F2E325 /* Payback_assignmentTests.xctest */;
			productType = "com.apple.product-type.bundle.unit-test";
		};
		6BD6F4E02890224A00F2E325 /* Payback_assignmentUITests */ = {
			isa = PBXNativeTarget;
			buildConfigurationList = 6BD6F4F12890224A00F2E325 /* Build configuration list for PBXNativeTarget "Payback_assignmentUITests" */;
			buildPhases = (
				6BD6F4DD2890224A00F2E325 /* Sources */,
				6BD6F4DE2890224A00F2E325 /* Frameworks */,
				6BD6F4DF2890224A00F2E325 /* Resources */,
			);
			buildRules = (
			);
			dependencies = (
				6BD6F4E32890224A00F2E325 /* PBXTargetDependency */,
			);
			name = Payback_assignmentUITests;
			productName = Payback_assignmentUITests;
			productReference = 6BD6F4E12890224A00F2E325 /* Payback_assignmentUITests.xctest */;
			productType = "com.apple.product-type.bundle.ui-testing";
		};
/* End PBXNativeTarget section */

/* Begin PBXProject section */
		6BD6F4BA2890224900F2E325 /* Project object */ = {
			isa = PBXProject;
			attributes = {
				BuildIndependentTargetsInParallel = 1;
				LastSwiftUpdateCheck = 1340;
				LastUpgradeCheck = 1340;
				TargetAttributes = {
					6BD6F4C12890224900F2E325 = {
						CreatedOnToolsVersion = 13.4.1;
					};
					6BD6F4D62890224A00F2E325 = {
						CreatedOnToolsVersion = 13.4.1;
						TestTargetID = 6BD6F4C12890224900F2E325;
					};
					6BD6F4E02890224A00F2E325 = {
						CreatedOnToolsVersion = 13.4.1;
						TestTargetID = 6BD6F4C12890224900F2E325;
					};
				};
			};
			buildConfigurationList = 6BD6F4BD2890224900F2E325 /* Build configuration list for PBXProject "Payback_assignment" */;
			compatibilityVersion = "Xcode 13.0";
			developmentRegion = en;
			hasScannedForEncodings = 0;
			knownRegions = (
				en,
				Base,
			);
			mainGroup = 6BD6F4B92890224900F2E325;
			productRefGroup = 6BD6F4C32890224900F2E325 /* Products */;
			projectDirPath = "";
			projectRoot = "";
			targets = (
				6BD6F4C12890224900F2E325 /* Payback_assignment */,
				6BD6F4D62890224A00F2E325 /* Payback_assignmentTests */,
				6BD6F4E02890224A00F2E325 /* Payback_assignmentUITests */,
			);
		};
/* End PBXProject section */

/* Begin PBXResourcesBuildPhase section */
		6BD6F4C02890224900F2E325 /* Resources */ = {
			isa = PBXResourcesBuildPhase;
			buildActionMask = 2147483647;
			files = (
				6BD6F4CD2890224900F2E325 /* Preview Assets.xcassets in Resources */,
				6BD6F4CA2890224900F2E325 /* Assets.xcassets in Resources */,
			);
			runOnlyForDeploymentPostprocessing = 0;
		};
		6BD6F4D52890224A00F2E325 /* Resources */ = {
			isa = PBXResourcesBuildPhase;
			buildActionMask = 2147483647;
			files = (
			);
			runOnlyForDeploymentPostprocessing = 0;
		};
		6BD6F4DF2890224A00F2E325 /* Resources */ = {
			isa = PBXResourcesBuildPhase;
			buildActionMask = 2147483647;
			files = (
			);
			runOnlyForDeploymentPostprocessing = 0;
		};
/* End PBXResourcesBuildPhase section */

/* Begin PBXSourcesBuildPhase section */
		6BD6F4BE2890224900F2E325 /* Sources */ = {
			isa = PBXSourcesBuildPhase;
			buildActionMask = 2147483647;
			files = (
				6BD6F4CF2890224900F2E325 /* Persistence.swift in Sources */,
				6BD6F4C82890224900F2E325 /* ContentView.swift in Sources */,
				6BD6F4D22890224900F2E325 /* Payback_assignment.xcdatamodeld in Sources */,
				6BD6F4C62890224900F2E325 /* Payback_assignmentApp.swift in Sources */,
			);
			runOnlyForDeploymentPostprocessing = 0;
		};
		6BD6F4D32890224A00F2E325 /* Sources */ = {
			isa = PBXSourcesBuildPhase;
			buildActionMask = 2147483647;
			files = (
				6BD6F4DC2890224A00F2E325 /* Payback_assignmentTests.swift in Sources */,
			);
			runOnlyForDeploymentPostprocessing = 0;
		};
		6BD6F4DD2890224A00F2E325 /* Sources */ = {
			isa = PBXSourcesBuildPhase;
			buildActionMask = 2147483647;
			files = (
				6BD6F4E62890224A00F2E325 /* Payback_assignmentUITests.swift in Sources */,
				6BD6F4E82890224A00F2E325 /* Payback_assignmentUITestsLaunchTests.swift in Sources */,
			);
			runOnlyForDeploymentPostprocessing = 0;
		};
/* End PBXSourcesBuildPhase section */

/* Begin PBXTargetDependency section */
		6BD6F4D92890224A00F2E325 /* PBXTargetDependency */ = {
			isa = PBXTargetDependency;
			target = 6BD6F4C12890224900F2E325 /* Payback_assignment */;
			targetProxy = 6BD6F4D82890224A00F2E325 /* PBXContainerItemProxy */;
		};
		6BD6F4E32890224A00F2E325 /* PBXTargetDependency */ = {
			isa = PBXTargetDependency;
			target = 6BD6F4C12890224900F2E325 /* Payback_assignment */;
			targetProxy = 6BD6F4E22890224A00F2E325 /* PBXContainerItemProxy */;
		};
/* End PBXTargetDependency section */

/* Begin XCBuildConfiguration section */
		6BD6F4E92890224A00F2E325 /* Debug */ = {
			isa = XCBuildConfiguration;
			buildSettings = {
				ALWAYS_SEARCH_USER_PATHS = NO;
				CLANG_ANALYZER_NONNULL = YES;
				CLANG_ANALYZER_NUMBER_OBJECT_CONVERSION = YES_AGGRESSIVE;
				CLANG_CXX_LANGUAGE_STANDARD = "gnu++17";
				CLANG_ENABLE_MODULES = YES;
				CLANG_ENABLE_OBJC_ARC = YES;
				CLANG_ENABLE_OBJC_WEAK = YES;
				CLANG_WARN_BLOCK_CAPTURE_AUTORELEASING = YES;
				CLANG_WARN_BOOL_CONVERSION = YES;
				CLANG_WARN_COMMA = YES;
				CLANG_WARN_CONSTANT_CONVERSION = YES;
				CLANG_WARN_DEPRECATED_OBJC_IMPLEMENTATIONS = YES;
				CLANG_WARN_DIRECT_OBJC_ISA_USAGE = YES_ERROR;
				CLANG_WARN_DOCUMENTATION_COMMENTS = YES;
				CLANG_WARN_EMPTY_BODY = YES;
				CLANG_WARN_ENUM_CONVERSION = YES;
				CLANG_WARN_INFINITE_RECURSION = YES;
				CLANG_WARN_INT_CONVERSION = YES;
				CLANG_WARN_NON_LITERAL_NULL_CONVERSION = YES;
				CLANG_WARN_OBJC_IMPLICIT_RETAIN_SELF = YES;
				CLANG_WARN_OBJC_LITERAL_CONVERSION = YES;
				CLANG_WARN_OBJC_ROOT_CLASS = YES_ERROR;
				CLANG_WARN_QUOTED_INCLUDE_IN_FRAMEWORK_HEADER = YES;
				CLANG_WARN_RANGE_LOOP_ANALYSIS = YES;
				CLANG_WARN_STRICT_PROTOTYPES = YES;
				CLANG_WARN_SUSPICIOUS_MOVE = YES;
				CLANG_WARN_UNGUARDED_AVAILABILITY = YES_AGGRESSIVE;
				CLANG_WARN_UNREACHABLE_CODE = YES;
				CLANG_WARN__DUPLICATE_METHOD_MATCH = YES;
				COPY_PHASE_STRIP = NO;
				DEBUG_INFORMATION_FORMAT = dwarf;
				ENABLE_STRICT_OBJC_MSGSEND = YES;
				ENABLE_TESTABILITY = YES;
				GCC_C_LANGUAGE_STANDARD = gnu11;
				GCC_DYNAMIC_NO_PIC = NO;
				GCC_NO_COMMON_BLOCKS = YES;
				GCC_OPTIMIZATION_LEVEL = 0;
				GCC_PREPROCESSOR_DEFINITIONS = (
					"DEBUG=1",
					"$(inherited)",
				);
				GCC_WARN_64_TO_32_BIT_CONVERSION = YES;
				GCC_WARN_ABOUT_RETURN_TYPE = YES_ERROR;
				GCC_WARN_UNDECLARED_SELECTOR = YES;
				GCC_WARN_UNINITIALIZED_AUTOS = YES_AGGRESSIVE;
				GCC_WARN_UNUSED_FUNCTION = YES;
				GCC_WARN_UNUSED_VARIABLE = YES;
				IPHONEOS_DEPLOYMENT_TARGET = 15.5;
				MTL_ENABLE_DEBUG_INFO = INCLUDE_SOURCE;
				MTL_FAST_MATH = YES;
				ONLY_ACTIVE_ARCH = YES;
				SDKROOT = iphoneos;
				SWIFT_ACTIVE_COMPILATION_CONDITIONS = DEBUG;
				SWIFT_OPTIMIZATION_LEVEL = "-Onone";
			};
			name = Debug;
		};
		6BD6F4EA2890224A00F2E325 /* Release */ = {
			isa = XCBuildConfiguration;
			buildSettings = {
				ALWAYS_SEARCH_USER_PATHS = NO;
				CLANG_ANALYZER_NONNULL = YES;
				CLANG_ANALYZER_NUMBER_OBJECT_CONVERSION = YES_AGGRESSIVE;
				CLANG_CXX_LANGUAGE_STANDARD = "gnu++17";
				CLANG_ENABLE_MODULES = YES;
				CLANG_ENABLE_OBJC_ARC = YES;
				CLANG_ENABLE_OBJC_WEAK = YES;
				CLANG_WARN_BLOCK_CAPTURE_AUTORELEASING = YES;
				CLANG_WARN_BOOL_CONVERSION = YES;
				CLANG_WARN_COMMA = YES;
				CLANG_WARN_CONSTANT_CONVERSION = YES;
				CLANG_WARN_DEPRECATED_OBJC_IMPLEMENTATIONS = YES;
				CLANG_WARN_DIRECT_OBJC_ISA_USAGE = YES_ERROR;
				CLANG_WARN_DOCUMENTATION_COMMENTS = YES;
				CLANG_WARN_EMPTY_BODY = YES;
				CLANG_WARN_ENUM_CONVERSION = YES;
				CLANG_WARN_INFINITE_RECURSION = YES;
				CLANG_WARN_INT_CONVERSION = YES;
				CLANG_WARN_NON_LITERAL_NULL_CONVERSION = YES;
				CLANG_WARN_OBJC_IMPLICIT_RETAIN_SELF = YES;
				CLANG_WARN_OBJC_LITERAL_CONVERSION = YES;
				CLANG_WARN_OBJC_ROOT_CLASS = YES_ERROR;
				CLANG_WARN_QUOTED_INCLUDE_IN_FRAMEWORK_HEADER = YES;
				CLANG_WARN_RANGE_LOOP_ANALYSIS = YES;
				CLANG_WARN_STRICT_PROTOTYPES = YES;
				CLANG_WARN_SUSPICIOUS_MOVE = YES;
				CLANG_WARN_UNGUARDED_AVAILABILITY = YES_AGGRESSIVE;
				CLANG_WARN_UNREACHABLE_CODE = YES;
				CLANG_WARN__DUPLICATE_METHOD_MATCH = YES;
				COPY_PHASE_STRIP = NO;
				DEBUG_INFORMATION_FORMAT = "dwarf-with-dsym";
				ENABLE_NS_ASSERTIONS = NO;
				ENABLE_STRICT_OBJC_MSGSEND = YES;
				GCC_C_LANGUAGE_STANDARD = gnu11;
				GCC_NO_COMMON_BLOCKS = YES;
				GCC_WARN_64_TO_32_BIT_CONVERSION = YES;
				GCC_WARN_ABOUT_RETURN_TYPE = YES_ERROR;
				GCC_WARN_UNDECLARED_SELECTOR = YES;
				GCC_WARN_UNINITIALIZED_AUTOS = YES_AGGRESSIVE;
				GCC_WARN_UNUSED_FUNCTION = YES;
				GCC_WARN_UNUSED_VARIABLE = YES;
				IPHONEOS_DEPLOYMENT_TARGET = 15.5;
				MTL_ENABLE_DEBUG_INFO = NO;
				MTL_FAST_MATH = YES;
				SDKROOT = iphoneos;
				SWIFT_COMPILATION_MODE = wholemodule;
				SWIFT_OPTIMIZATION_LEVEL = "-O";
				VALIDATE_PRODUCT = YES;
			};
			name = Release;
		};
		6BD6F4EC2890224A00F2E325 /* Debug */ = {
			isa = XCBuildConfiguration;
			buildSettings = {
				ASSETCATALOG_COMPILER_APPICON_NAME = AppIcon;
				ASSETCATALOG_COMPILER_GLOBAL_ACCENT_COLOR_NAME = AccentColor;
				CODE_SIGN_STYLE = Automatic;
				CURRENT_PROJECT_VERSION = 1;
				DEVELOPMENT_ASSET_PATHS = "\"Payback_assignment/Preview Content\"";
				DEVELOPMENT_TEAM = ZCPG2Z69ZT;
				ENABLE_PREVIEWS = YES;
				GENERATE_INFOPLIST_FILE = YES;
				INFOPLIST_KEY_UIApplicationSceneManifest_Generation = YES;
				INFOPLIST_KEY_UIApplicationSupportsIndirectInputEvents = YES;
				INFOPLIST_KEY_UILaunchScreen_Generation = YES;
				INFOPLIST_KEY_UISupportedInterfaceOrientations_iPad = "UIInterfaceOrientationPortrait UIInterfaceOrientationPortraitUpsideDown UIInterfaceOrientationLandscapeLeft UIInterfaceOrientationLandscapeRight";
				INFOPLIST_KEY_UISupportedInterfaceOrientations_iPhone = "UIInterfaceOrientationPortrait UIInterfaceOrientationLandscapeLeft UIInterfaceOrientationLandscapeRight";
				LD_RUNPATH_SEARCH_PATHS = (
					"$(inherited)",
					"@executable_path/Frameworks",
				);
				MARKETING_VERSION = 1.0;
				PRODUCT_BUNDLE_IDENTIFIER = "com.anzer.payback.Payback-assignment";
				PRODUCT_NAME = "$(TARGET_NAME)";
				SWIFT_EMIT_LOC_STRINGS = YES;
				SWIFT_VERSION = 5.0;
				TARGETED_DEVICE_FAMILY = "1,2";
			};
			name = Debug;
		};
		6BD6F4ED2890224A00F2E325 /* Release */ = {
			isa = XCBuildConfiguration;
			buildSettings = {
				ASSETCATALOG_COMPILER_APPICON_NAME = AppIcon;
				ASSETCATALOG_COMPILER_GLOBAL_ACCENT_COLOR_NAME = AccentColor;
				CODE_SIGN_STYLE = Automatic;
				CURRENT_PROJECT_VERSION = 1;
				DEVELOPMENT_ASSET_PATHS = "\"Payback_assignment/Preview Content\"";
				DEVELOPMENT_TEAM = ZCPG2Z69ZT;
				ENABLE_PREVIEWS = YES;
				GENERATE_INFOPLIST_FILE = YES;
				INFOPLIST_KEY_UIApplicationSceneManifest_Generation = YES;
				INFOPLIST_KEY_UIApplicationSupportsIndirectInputEvents = YES;
				INFOPLIST_KEY_UILaunchScreen_Generation = YES;
				INFOPLIST_KEY_UISupportedInterfaceOrientations_iPad = "UIInterfaceOrientationPortrait UIInterfaceOrientationPortraitUpsideDown UIInterfaceOrientationLandscapeLeft UIInterfaceOrientationLandscapeRight";
				INFOPLIST_KEY_UISupportedInterfaceOrientations_iPhone = "UIInterfaceOrientationPortrait UIInterfaceOrientationLandscapeLeft UIInterfaceOrientationLandscapeRight";
				LD_RUNPATH_SEARCH_PATHS = (
					"$(inherited)",
					"@executable_path/Frameworks",
				);
				MARKETING_VERSION = 1.0;
				PRODUCT_BUNDLE_IDENTIFIER = "com.anzer.payback.Payback-assignment";
				PRODUCT_NAME = "$(TARGET_NAME)";
				SWIFT_EMIT_LOC_STRINGS = YES;
				SWIFT_VERSION = 5.0;
				TARGETED_DEVICE_FAMILY = "1,2";
			};
			name = Release;
		};
		6BD6F4EF2890224A00F2E325 /* Debug */ = {
			isa = XCBuildConfiguration;
			buildSettings = {
				ALWAYS_EMBED_SWIFT_STANDARD_LIBRARIES = YES;
				BUNDLE_LOADER = "$(TEST_HOST)";
				CODE_SIGN_STYLE = Automatic;
				CURRENT_PROJECT_VERSION = 1;
				DEVELOPMENT_TEAM = ZCPG2Z69ZT;
				GENERATE_INFOPLIST_FILE = YES;
				IPHONEOS_DEPLOYMENT_TARGET = 15.5;
				MARKETING_VERSION = 1.0;
				PRODUCT_BUNDLE_IDENTIFIER = "com.anzer.payback.Payback-assignmentTests";
				PRODUCT_NAME = "$(TARGET_NAME)";
				SWIFT_EMIT_LOC_STRINGS = NO;
				SWIFT_VERSION = 5.0;
				TARGETED_DEVICE_FAMILY = "1,2";
				TEST_HOST = "$(BUILT_PRODUCTS_DIR)/Payback_assignment.app/Payback_assignment";
			};
			name = Debug;
		};
		6BD6F4F02890224A00F2E325 /* Release */ = {
			isa = XCBuildConfiguration;
			buildSettings = {
				ALWAYS_EMBED_SWIFT_STANDARD_LIBRARIES = YES;
				BUNDLE_LOADER = "$(TEST_HOST)";
				CODE_SIGN_STYLE = Automatic;
				CURRENT_PROJECT_VERSION = 1;
				DEVELOPMENT_TEAM = ZCPG2Z69ZT;
				GENERATE_INFOPLIST_FILE = YES;
				IPHONEOS_DEPLOYMENT_TARGET = 15.5;
				MARKETING_VERSION = 1.0;
				PRODUCT_BUNDLE_IDENTIFIER = "com.anzer.payback.Payback-assignmentTests";
				PRODUCT_NAME = "$(TARGET_NAME)";
				SWIFT_EMIT_LOC_STRINGS = NO;
				SWIFT_VERSION = 5.0;
				TARGETED_DEVICE_FAMILY = "1,2";
				TEST_HOST = "$(BUILT_PRODUCTS_DIR)/Payback_assignment.app/Payback_assignment";
			};
			name = Release;
		};
		6BD6F4F22890224A00F2E325 /* Debug */ = {
			isa = XCBuildConfiguration;
			buildSettings = {
				ALWAYS_EMBED_SWIFT_STANDARD_LIBRARIES = YES;
				CODE_SIGN_STYLE = Automatic;
				CURRENT_PROJECT_VERSION = 1;
				DEVELOPMENT_TEAM = ZCPG2Z69ZT;
				GENERATE_INFOPLIST_FILE = YES;
				MARKETING_VERSION = 1.0;
				PRODUCT_BUNDLE_IDENTIFIER = "com.anzer.payback.Payback-assignmentUITests";
				PRODUCT_NAME = "$(TARGET_NAME)";
				SWIFT_EMIT_LOC_STRINGS = NO;
				SWIFT_VERSION = 5.0;
				TARGETED_DEVICE_FAMILY = "1,2";
				TEST_TARGET_NAME = Payback_assignment;
			};
			name = Debug;
		};
		6BD6F4F32890224A00F2E325 /* Release */ = {
			isa = XCBuildConfiguration;
			buildSettings = {
				ALWAYS_EMBED_SWIFT_STANDARD_LIBRARIES = YES;
				CODE_SIGN_STYLE = Automatic;
				CURRENT_PROJECT_VERSION = 1;
				DEVELOPMENT_TEAM = ZCPG2Z69ZT;
				GENERATE_INFOPLIST_FILE = YES;
				MARKETING_VERSION = 1.0;
				PRODUCT_BUNDLE_IDENTIFIER = "com.anzer.payback.Payback-assignmentUITests";
				PRODUCT_NAME = "$(TARGET_NAME)";
				SWIFT_EMIT_LOC_STRINGS = NO;
				SWIFT_VERSION = 5.0;
				TARGETED_DEVICE_FAMILY = "1,2";
				TEST_TARGET_NAME = Payback_assignment;
			};
			name = Release;
		};
/* End XCBuildConfiguration section */

/* Begin XCConfigurationList section */
		6BD6F4BD2890224900F2E325 /* Build configuration list for PBXProject "Payback_assignment" */ = {
			isa = XCConfigurationList;
			buildConfigurations = (
				6BD6F4E92890224A00F2E325 /* Debug */,
				6BD6F4EA2890224A00F2E325 /* Release */,
			);
			defaultConfigurationIsVisible = 0;
			defaultConfigurationName = Release;
		};
		6BD6F4EB2890224A00F2E325 /* Build configuration list for PBXNativeTarget "Payback_assignment" */ = {
			isa = XCConfigurationList;
			buildConfigurations = (
				6BD6F4EC2890224A00F2E325 /* Debug */,
				6BD6F4ED2890224A00F2E325 /* Release */,
			);
			defaultConfigurationIsVisible = 0;
			defaultConfigurationName = Release;
		};
		6BD6F4EE2890224A00F2E325 /* Build configuration list for PBXNativeTarget "Payback_assignmentTests" */ = {
			isa = XCConfigurationList;
			buildConfigurations = (
				6BD6F4EF2890224A00F2E325 /* Debug */,
				6BD6F4F02890224A00F2E325 /* Release */,
			);
			defaultConfigurationIsVisible = 0;
			defaultConfigurationName = Release;
		};
		6BD6F4F12890224A00F2E325 /* Build configuration list for PBXNativeTarget "Payback_assignmentUITests" */ = {
			isa = XCConfigurationList;
			buildConfigurations = (
				6BD6F4F22890224A00F2E325 /* Debug */,
				6BD6F4F32890224A00F2E325 /* Release */,
			);
			defaultConfigurationIsVisible = 0;
			defaultConfigurationName = Release;
		};
/* End XCConfigurationList section */

/* Begin XCVersionGroup section */
		6BD6F4D02890224900F2E325 /* Payback_assignment.xcdatamodeld */ = {
			isa = XCVersionGroup;
			children = (
				6BD6F4D12890224900F2E325 /* Payback_assignment.xcdatamodel */,
			);
			currentVersion = 6BD6F4D12890224900F2E325 /* Payback_assignment.xcdatamodel */;
			path = Payback_assignment.xcdatamodeld;
			sourceTree = "<group>";
			versionGroupType = wrapper.xcdatamodel;
		};
/* End XCVersionGroup section */
	};
	rootObject = 6BD6F4BA2890224900F2E325 /* Project object */;
}
